
Microsoft Visual Studio Solution File, Format Version 12.00
# Visual Studio Version 17
VisualStudioVersion = 17.3.32825.248
MinimumVisualStudioVersion = 10.0.40219.1
Project("{FAE04EC0-301F-11D3-BF4B-00C04F79EFBC}") = "Assignment", "Assignment\Assignment.csproj", "{A2780B5D-F6F6-4D6E-8929-5D8BFA4AC6DF}"
EndProject
Global
	GlobalSection(SolutionConfigurationPlatforms) = preSolution
		Debug|Any CPU = Debug|Any CPU
		Release|Any CPU = Release|Any CPU
	EndGlobalSection
	GlobalSection(ProjectConfigurationPlatforms) = postSolution
		{A2780B5D-F6F6-4D6E-8929-5D8BFA4AC6DF}.Debug|Any CPU.ActiveCfg = Debug|Any CPU
		{A2780B5D-F6F6-4D6E-8929-5D8BFA4AC6DF}.Debug|Any CPU.Build.0 = Debug|Any CPU
		{A2780B5D-F6F6-4D6E-8929-5D8BFA4AC6DF}.Release|Any CPU.ActiveCfg = Release|Any CPU
		{A2780B5D-F6F6-4D6E-8929-5D8BFA4AC6DF}.Release|Any CPU.Build.0 = Release|Any CPU
	EndGlobalSection
	GlobalSection(SolutionProperties) = preSolution
		HideSolutionNode = FALSE
	EndGlobalSection
	GlobalSection(ExtensibilityGlobals) = postSolution
		SolutionGuid = {E423BFEF-FEA2-49F7-A385-D70812396967}
	EndGlobalSection
EndGlobal
